
Microsoft Visual Studio Solution File, Format Version 12.00
# Visual Studio Version 17
VisualStudioVersion = 17.9.34622.214
MinimumVisualStudioVersion = 10.0.40219.1
Project("{9A19103F-16F7-4668-BE54-9A1E7A4F7556}") = "Taqrum.Profitability", "src\Profitability\Taqrum.Profitability.csproj", "{55D43738-6A6E-4D09-8F6C-0FC4DC2EB970}"
EndProject
Global
	GlobalSection(SolutionConfigurationPlatforms) = preSolution
		Debug|Any CPU = Debug|Any CPU
		Release|Any CPU = Release|Any CPU
	EndGlobalSection
	GlobalSection(ProjectConfigurationPlatforms) = postSolution
		{55D43738-6A6E-4D09-8F6C-0FC4DC2EB970}.Debug|Any CPU.ActiveCfg = Debug|Any CPU
		{55D43738-6A6E-4D09-8F6C-0FC4DC2EB970}.Debug|Any CPU.Build.0 = Debug|Any CPU
		{55D43738-6A6E-4D09-8F6C-0FC4DC2EB970}.Release|Any CPU.ActiveCfg = Release|Any CPU
		{55D43738-6A6E-4D09-8F6C-0FC4DC2EB970}.Release|Any CPU.Build.0 = Release|Any CPU
	EndGlobalSection
	GlobalSection(SolutionProperties) = preSolution
		HideSolutionNode = FALSE
	EndGlobalSection
	GlobalSection(ExtensibilityGlobals) = postSolution
		SolutionGuid = {EA90B44C-DBA5-4D00-A683-F068EB3A98CD}
	EndGlobalSection
EndGlobal
